
Microsoft Visual Studio Solution File, Format Version 12.00
# Visual Studio Version 16
VisualStudioVersion = 16.0.29709.97
MinimumVisualStudioVersion = 10.0.40219.1
Project("{FAE04EC0-301F-11D3-BF4B-00C04F79EFBC}") = "scolarguardian", "scolarguardian\scolarguardian.csproj", "{06A70C90-746A-4BCE-B190-DF8B359E5C7C}"
EndProject
Global
	GlobalSection(SolutionConfigurationPlatforms) = preSolution
		Debug|Any CPU = Debug|Any CPU
		Release|Any CPU = Release|Any CPU
	EndGlobalSection
	GlobalSection(ProjectConfigurationPlatforms) = postSolution
		{06A70C90-746A-4BCE-B190-DF8B359E5C7C}.Debug|Any CPU.ActiveCfg = Debug|Any CPU
		{06A70C90-746A-4BCE-B190-DF8B359E5C7C}.Debug|Any CPU.Build.0 = Debug|Any CPU
		{06A70C90-746A-4BCE-B190-DF8B359E5C7C}.Release|Any CPU.ActiveCfg = Release|Any CPU
		{06A70C90-746A-4BCE-B190-DF8B359E5C7C}.Release|Any CPU.Build.0 = Release|Any CPU
	EndGlobalSection
	GlobalSection(SolutionProperties) = preSolution
		HideSolutionNode = FALSE
	EndGlobalSection
	GlobalSection(ExtensibilityGlobals) = postSolution
		SolutionGuid = {642E9862-654C-4762-954A-B375C4E215F4}
	EndGlobalSection
EndGlobal
